
Microsoft Visual Studio Solution File, Format Version 12.00
# Visual Studio 2012
Project("{FAE04EC0-301F-11D3-BF4B-00C04F79EFBC}") = "Contrib.FileField", "Contrib.FileField.csproj", "{DEA9443C-B535-4BF5-A84D-0004F38E2AF0}"
EndProject
Global
	GlobalSection(SolutionConfigurationPlatforms) = preSolution
		Complete|Any CPU = Complete|Any CPU
		Debug|Any CPU = Debug|Any CPU
		Design|Any CPU = Design|Any CPU
		Release|Any CPU = Release|Any CPU
	EndGlobalSection
	GlobalSection(ProjectConfigurationPlatforms) = postSolution
		{DEA9443C-B535-4BF5-A84D-0004F38E2AF0}.Complete|Any CPU.ActiveCfg = Complete|Any CPU
		{DEA9443C-B535-4BF5-A84D-0004F38E2AF0}.Complete|Any CPU.Build.0 = Complete|Any CPU
		{DEA9443C-B535-4BF5-A84D-0004F38E2AF0}.Debug|Any CPU.ActiveCfg = Debug|Any CPU
		{DEA9443C-B535-4BF5-A84D-0004F38E2AF0}.Debug|Any CPU.Build.0 = Debug|Any CPU
		{DEA9443C-B535-4BF5-A84D-0004F38E2AF0}.Design|Any CPU.ActiveCfg = Design|Any CPU
		{DEA9443C-B535-4BF5-A84D-0004F38E2AF0}.Design|Any CPU.Build.0 = Design|Any CPU
		{DEA9443C-B535-4BF5-A84D-0004F38E2AF0}.Release|Any CPU.ActiveCfg = Release|Any CPU
		{DEA9443C-B535-4BF5-A84D-0004F38E2AF0}.Release|Any CPU.Build.0 = Release|Any CPU
	EndGlobalSection
	GlobalSection(SolutionProperties) = preSolution
		HideSolutionNode = FALSE
	EndGlobalSection
EndGlobal
